{
  "name": "generate-attribution",
  "lockfileVersion": 2,
  "requires": true,
  "packages": {
    "": {
      "dependencies": {
        "async-retry": "^1.3.1",
        "csv-parse": "^4.14.1",
        "follow-redirects": "^1.13.0",
        "node-html-parser": "^2.0.0"
      }
    },
    "node_modules/async-retry": {
      "version": "1.3.1",
      "resolved": "https://registry.npmjs.org/async-retry/-/async-retry-1.3.1.tgz",
      "integrity": "sha512-aiieFW/7h3hY0Bq5d+ktDBejxuwR78vRu9hDUdR8rNhSaQ29VzPL4AoIRG7D/c7tdenwOcKvgPM6tIxB3cB6HA==",
      "dependencies": {
        "retry": "0.12.0"
      }
    },
    "node_modules/csv-parse": {
      "version": "4.14.1",
      "resolved": "https://registry.npmjs.org/csv-parse/-/csv-parse-4.14.1.tgz",
      "integrity": "sha512-4wmcO7QbWtDAncGFaBwlWFPhEN4Akr64IbM4zvDwEOFekI8blLc04Nw7XjQjtSNy+3AUAgBgtUa9nWo5Cq89Xg=="
    },
    "node_modules/follow-redirects": {
      "version": "1.13.0",
      "resolved": "https://registry.npmjs.org/follow-redirects/-/follow-redirects-1.13.0.tgz",
      "integrity": "sha512-aq6gF1BEKje4a9i9+5jimNFIpq4Q1WiwBToeRK5NvZBd/TRsmW8BsJfOEGkr76TbOyPVD3OVDN910EcUNtRYEA==",
      "funding": [
        {
          "type": "individual",
          "url": "https://github.com/sponsors/RubenVerborgh"
        }
      ],
      "engines": {
        "node": ">=4.0"
      }
    },
    "node_modules/he": {
      "version": "1.2.0",
      "resolved": "https://registry.npmjs.org/he/-/he-1.2.0.tgz",
      "integrity": "sha512-F/1DnUGPopORZi0ni+CvrCgHQ5FyEAHRLSApuYWMmrbSwoN2Mn/7k+Gl38gJnR7yyDZk6WLXwiGod1JOWNDKGw==",
      "bin": {
        "he": "bin/he"
      }
    },
    "node_modules/node-html-parser": {
      "version": "2.0.0",
      "resolved": "https://registry.npmjs.org/node-html-parser/-/node-html-parser-2.0.0.tgz",
      "integrity": "sha512-3wJdYSxiVIBxuiFm9UtfNWAlBw2P+Vb/RN1nqf40q2JeZDpcJ1HsrWuWV3j15SSJ25TvfnOoac2Q+uDU9iY0sw==",
      "dependencies": {
        "he": "1.2.0"
      }
    },
    "node_modules/retry": {
      "version": "0.12.0",
      "resolved": "https://registry.npmjs.org/retry/-/retry-0.12.0.tgz",
      "integrity": "sha1-G0KmJmoh8HQh0bC1S33BZ7AcATs=",
      "engines": {
        "node": ">= 4"
      }
    }
  },
  "dependencies": {
    "async-retry": {
      "version": "1.3.1",
      "resolved": "https://registry.npmjs.org/async-retry/-/async-retry-1.3.1.tgz",
      "integrity": "sha512-aiieFW/7h3hY0Bq5d+ktDBejxuwR78vRu9hDUdR8rNhSaQ29VzPL4AoIRG7D/c7tdenwOcKvgPM6tIxB3cB6HA==",
      "requires": {
        "retry": "0.12.0"
      }
    },
    "csv-parse": {
      "version": "4.14.1",
      "resolved": "https://registry.npmjs.org/csv-parse/-/csv-parse-4.14.1.tgz",
      "integrity": "sha512-4wmcO7QbWtDAncGFaBwlWFPhEN4Akr64IbM4zvDwEOFekI8blLc04Nw7XjQjtSNy+3AUAgBgtUa9nWo5Cq89Xg=="
    },
    "follow-redirects": {
      "version": "1.13.0",
      "resolved": "https://registry.npmjs.org/follow-redirects/-/follow-redirects-1.13.0.tgz",
      "integrity": "sha512-aq6gF1BEKje4a9i9+5jimNFIpq4Q1WiwBToeRK5NvZBd/TRsmW8BsJfOEGkr76TbOyPVD3OVDN910EcUNtRYEA=="
    },
    "he": {
      "version": "1.2.0",
      "resolved": "https://registry.npmjs.org/he/-/he-1.2.0.tgz",
      "integrity": "sha512-F/1DnUGPopORZi0ni+CvrCgHQ5FyEAHRLSApuYWMmrbSwoN2Mn/7k+Gl38gJnR7yyDZk6WLXwiGod1JOWNDKGw=="
    },
    "node-html-parser": {
      "version": "2.0.0",
      "resolved": "https://registry.npmjs.org/node-html-parser/-/node-html-parser-2.0.0.tgz",
      "integrity": "sha512-3wJdYSxiVIBxuiFm9UtfNWAlBw2P+Vb/RN1nqf40q2JeZDpcJ1HsrWuWV3j15SSJ25TvfnOoac2Q+uDU9iY0sw==",
      "requires": {
        "he": "1.2.0"
      }
    },
    "retry": {
      "version": "0.12.0",
      "resolved": "https://registry.npmjs.org/retry/-/retry-0.12.0.tgz",
      "integrity": "sha1-G0KmJmoh8HQh0bC1S33BZ7AcATs="
    }
  }
}
